
Microsoft Visual Studio Solution File, Format Version 12.00
# Visual Studio Version 16
VisualStudioVersion = 16.0.30114.105
MinimumVisualStudioVersion = 10.0.40219.1
Project("{FAE04EC0-301F-11D3-BF4B-00C04F79EFBC}") = "municipios", "municipios.csproj", "{0ADC6C38-BD95-4F47-B0E4-B202BF04D658}"
EndProject
Global
	GlobalSection(SolutionConfigurationPlatforms) = preSolution
		Debug|Any CPU = Debug|Any CPU
		Release|Any CPU = Release|Any CPU
	EndGlobalSection
	GlobalSection(ProjectConfigurationPlatforms) = postSolution
		{0ADC6C38-BD95-4F47-B0E4-B202BF04D658}.Debug|Any CPU.ActiveCfg = Debug|Any CPU
		{0ADC6C38-BD95-4F47-B0E4-B202BF04D658}.Debug|Any CPU.Build.0 = Debug|Any CPU
		{0ADC6C38-BD95-4F47-B0E4-B202BF04D658}.Release|Any CPU.ActiveCfg = Release|Any CPU
		{0ADC6C38-BD95-4F47-B0E4-B202BF04D658}.Release|Any CPU.Build.0 = Release|Any CPU
	EndGlobalSection
	GlobalSection(SolutionProperties) = preSolution
		HideSolutionNode = FALSE
	EndGlobalSection
	GlobalSection(ExtensibilityGlobals) = postSolution
		SolutionGuid = {6C29EBF1-3A57-482C-B45F-F936D0EFB567}
	EndGlobalSection
EndGlobal
